{
  "name": "js-ipfs-pinning-service-client",
  "version": "0.0.1",
  "lockfileVersion": 2,
  "requires": true,
  "packages": {
    "": {
      "version": "0.0.1",
      "license": "ISC",
      "dependencies": {
        "js-ipfs-pinning-service-client": "github:yusefnapora/js-ipfs-pinning-service-client#master"
      }
    },
    "node_modules/js-ipfs-pinning-service-client": {
      "version": "0.0.1",
      "resolved": "git+ssh://git@github.com/yusefnapora/js-ipfs-pinning-service-client.git#f6de8f140ca2ecfbdb1a866ed3080d155021c4fb",
      "license": "ISC"
    }
  },
  "dependencies": {
    "js-ipfs-pinning-service-client": {
      "version": "git+ssh://git@github.com/yusefnapora/js-ipfs-pinning-service-client.git#f6de8f140ca2ecfbdb1a866ed3080d155021c4fb",
      "from": "js-ipfs-pinning-service-client@github:yusefnapora/js-ipfs-pinning-service-client#master"
    }
  }
}
